
Microsoft Visual Studio Solution File, Format Version 12.00
Project("{FAE04EC0-301F-11D3-BF4B-00C04F79EFBC}") = "WallpaperCLI", "WallpaperCLI\WallpaperCLI.csproj", "{B5A0DCF2-8157-4697-AF09-AB89EECA4872}"
EndProject
Global
	GlobalSection(SolutionConfigurationPlatforms) = preSolution
		Debug|Any CPU = Debug|Any CPU
		Release|Any CPU = Release|Any CPU
	EndGlobalSection
	GlobalSection(ProjectConfigurationPlatforms) = postSolution
		{B5A0DCF2-8157-4697-AF09-AB89EECA4872}.Debug|Any CPU.ActiveCfg = Debug|Any CPU
		{B5A0DCF2-8157-4697-AF09-AB89EECA4872}.Debug|Any CPU.Build.0 = Debug|Any CPU
		{B5A0DCF2-8157-4697-AF09-AB89EECA4872}.Release|Any CPU.ActiveCfg = Release|Any CPU
		{B5A0DCF2-8157-4697-AF09-AB89EECA4872}.Release|Any CPU.Build.0 = Release|Any CPU
	EndGlobalSection
EndGlobal
